
Microsoft Visual Studio Solution File, Format Version 12.00
# Visual Studio 2013
VisualStudioVersion = 12.0.31101.0
MinimumVisualStudioVersion = 10.0.40219.1
Project("{FAE04EC0-301F-11D3-BF4B-00C04F79EFBC}") = "ClothesShop.Common", "ClothesShop.Common\ClothesShop.Common.csproj", "{D6542CCB-F0D4-4BD3-8837-18194F8A97BF}"
EndProject
Project("{FAE04EC0-301F-11D3-BF4B-00C04F79EFBC}") = "ClothesShop.Model", "ClothesShop.Model\ClothesShop.Model.csproj", "{39414947-E93F-46B9-B88B-D9BAA7AAA596}"
EndProject
Project("{FAE04EC0-301F-11D3-BF4B-00C04F79EFBC}") = "ClothesShop.Data", "ClothesShop.Data\ClothesShop.Data.csproj", "{7540CB89-D5AD-4A3F-91DC-2DD6D6EDDA70}"
EndProject
Project("{FAE04EC0-301F-11D3-BF4B-00C04F79EFBC}") = "ClothesShop.Service", "ClothesShop.Service\ClothesShop.Service.csproj", "{AC91B085-1F80-4FDF-9E32-EE408EB051ED}"
EndProject
Project("{FAE04EC0-301F-11D3-BF4B-00C04F79EFBC}") = "ClothesShop.UnitTest", "ClothesShop.UnitTest\ClothesShop.UnitTest.csproj", "{87ED110A-2962-4ACD-B02D-F66EC46293BA}"
EndProject
Project("{FAE04EC0-301F-11D3-BF4B-00C04F79EFBC}") = "ClothesShop.WebApp", "ClothesShop.WebApp\ClothesShop.WebApp.csproj", "{17D2D53C-7E0E-488E-A121-81A4D00DD7C9}"
EndProject
Global
	GlobalSection(SolutionConfigurationPlatforms) = preSolution
		Debug|Any CPU = Debug|Any CPU
		Release|Any CPU = Release|Any CPU
	EndGlobalSection
	GlobalSection(ProjectConfigurationPlatforms) = postSolution
		{D6542CCB-F0D4-4BD3-8837-18194F8A97BF}.Debug|Any CPU.ActiveCfg = Debug|Any CPU
		{D6542CCB-F0D4-4BD3-8837-18194F8A97BF}.Debug|Any CPU.Build.0 = Debug|Any CPU
		{D6542CCB-F0D4-4BD3-8837-18194F8A97BF}.Release|Any CPU.ActiveCfg = Release|Any CPU
		{D6542CCB-F0D4-4BD3-8837-18194F8A97BF}.Release|Any CPU.Build.0 = Release|Any CPU
		{39414947-E93F-46B9-B88B-D9BAA7AAA596}.Debug|Any CPU.ActiveCfg = Debug|Any CPU
		{39414947-E93F-46B9-B88B-D9BAA7AAA596}.Debug|Any CPU.Build.0 = Debug|Any CPU
		{39414947-E93F-46B9-B88B-D9BAA7AAA596}.Release|Any CPU.ActiveCfg = Release|Any CPU
		{39414947-E93F-46B9-B88B-D9BAA7AAA596}.Release|Any CPU.Build.0 = Release|Any CPU
		{7540CB89-D5AD-4A3F-91DC-2DD6D6EDDA70}.Debug|Any CPU.ActiveCfg = Debug|Any CPU
		{7540CB89-D5AD-4A3F-91DC-2DD6D6EDDA70}.Debug|Any CPU.Build.0 = Debug|Any CPU
		{7540CB89-D5AD-4A3F-91DC-2DD6D6EDDA70}.Release|Any CPU.ActiveCfg = Release|Any CPU
		{7540CB89-D5AD-4A3F-91DC-2DD6D6EDDA70}.Release|Any CPU.Build.0 = Release|Any CPU
		{AC91B085-1F80-4FDF-9E32-EE408EB051ED}.Debug|Any CPU.ActiveCfg = Debug|Any CPU
		{AC91B085-1F80-4FDF-9E32-EE408EB051ED}.Debug|Any CPU.Build.0 = Debug|Any CPU
		{AC91B085-1F80-4FDF-9E32-EE408EB051ED}.Release|Any CPU.ActiveCfg = Release|Any CPU
		{AC91B085-1F80-4FDF-9E32-EE408EB051ED}.Release|Any CPU.Build.0 = Release|Any CPU
		{87ED110A-2962-4ACD-B02D-F66EC46293BA}.Debug|Any CPU.ActiveCfg = Debug|Any CPU
		{87ED110A-2962-4ACD-B02D-F66EC46293BA}.Debug|Any CPU.Build.0 = Debug|Any CPU
		{87ED110A-2962-4ACD-B02D-F66EC46293BA}.Release|Any CPU.ActiveCfg = Release|Any CPU
		{87ED110A-2962-4ACD-B02D-F66EC46293BA}.Release|Any CPU.Build.0 = Release|Any CPU
		{17D2D53C-7E0E-488E-A121-81A4D00DD7C9}.Debug|Any CPU.ActiveCfg = Debug|Any CPU
		{17D2D53C-7E0E-488E-A121-81A4D00DD7C9}.Debug|Any CPU.Build.0 = Debug|Any CPU
		{17D2D53C-7E0E-488E-A121-81A4D00DD7C9}.Release|Any CPU.ActiveCfg = Release|Any CPU
		{17D2D53C-7E0E-488E-A121-81A4D00DD7C9}.Release|Any CPU.Build.0 = Release|Any CPU
	EndGlobalSection
	GlobalSection(SolutionProperties) = preSolution
		HideSolutionNode = FALSE
	EndGlobalSection
EndGlobal
